github.com/crgimenes/goconfig v1.2.1 h1:179CEiHWYDq+dwXSGumwuCRJRPt9+H15TNjuHfXh0vw=
github.com/crgimenes/goconfig v1.2.1/go.mod h1:NLkiEPjGZF4p1jzt3S7stOW7z/MJqvCRwJuDmC7b8fw=
github.com/google/uuid v1.1.1 h1:Gkbcsh/GbpXz7lPftLA3P6TYMwjCLYm83jiFQZF/3gY=
github.com/google/uuid v1.1.1/go.mod h1:TIyPZe4MgqvfeYDBFedMoGGpEw/LqOeaOT+nhxU+yHo=
